
Microsoft Visual Studio Solution File, Format Version 12.00
# Visual Studio Version 17
VisualStudioVersion = 17.4.33213.308
MinimumVisualStudioVersion = 10.0.40219.1
Project("{FAE04EC0-301F-11D3-BF4B-00C04F79EFBC}") = "winChatPk111", "winChatPk111.csproj", "{9B281BBD-D1D6-424A-8379-0F43E1B89DF8}"
EndProject
Global
	GlobalSection(SolutionConfigurationPlatforms) = preSolution
		Debug|Any CPU = Debug|Any CPU
		Release|Any CPU = Release|Any CPU
	EndGlobalSection
	GlobalSection(ProjectConfigurationPlatforms) = postSolution
		{9B281BBD-D1D6-424A-8379-0F43E1B89DF8}.Debug|Any CPU.ActiveCfg = Debug|Any CPU
		{9B281BBD-D1D6-424A-8379-0F43E1B89DF8}.Debug|Any CPU.Build.0 = Debug|Any CPU
		{9B281BBD-D1D6-424A-8379-0F43E1B89DF8}.Release|Any CPU.ActiveCfg = Release|Any CPU
		{9B281BBD-D1D6-424A-8379-0F43E1B89DF8}.Release|Any CPU.Build.0 = Release|Any CPU
	EndGlobalSection
	GlobalSection(SolutionProperties) = preSolution
		HideSolutionNode = FALSE
	EndGlobalSection
	GlobalSection(ExtensibilityGlobals) = postSolution
		SolutionGuid = {79D46909-D492-4663-B15A-DCBAD8846AE2}
	EndGlobalSection
EndGlobal
